// !$*UTF8*$!
{
	archiveVersion = 1;
	classes = {
	};
	objectVersion = 50;
	objects = {

/* Begin PBXBuildFile section */
		3A034B29207FD28D00B4C4FD /* AppDelegate.swift in Sources */ = {isa = PBXBuildFile; fileRef = 3A034B28207FD28D00B4C4FD /* AppDelegate.swift */; };
		3A034B2B207FD28D00B4C4FD /* ViewController.swift in Sources */ = {isa = PBXBuildFile; fileRef = 3A034B2A207FD28D00B4C4FD /* ViewController.swift */; };
		3A034B2E207FD28D00B4C4FD /* Main.storyboard in Resources */ = {isa = PBXBuildFile; fileRef = 3A034B2C207FD28D00B4C4FD /* Main.storyboard */; };
		3A034B30207FD28F00B4C4FD /* Assets.xcassets in Resources */ = {isa = PBXBuildFile; fileRef = 3A034B2F207FD28F00B4C4FD /* Assets.xcassets */; };
		3A034B33207FD28F00B4C4FD /* LaunchScreen.storyboard in Resources */ = {isa = PBXBuildFile; fileRef = 3A034B31207FD28F00B4C4FD /* LaunchScreen.storyboard */; };
		3A034B44207FD63500B4C4FD /* nanopb.framework in Frameworks */ = {isa = PBXBuildFile; fileRef = 3A034B3B207FD63500B4C4FD /* nanopb.framework */; };
		3A034B45207FD63500B4C4FD /* GoogleToolboxForMac.framework in Frameworks */ = {isa = PBXBuildFile; fileRef = 3A034B3C207FD63500B4C4FD /* GoogleToolboxForMac.framework */; };
		3A034B46207FD63600B4C4FD /* FirebaseMessaging.framework in Frameworks */ = {isa = PBXBuildFile; fileRef = 3A034B3D207FD63500B4C4FD /* FirebaseMessaging.framework */; };
		3A034B47207FD63600B4C4FD /* FirebaseAnalytics.framework in Frameworks */ = {isa = PBXBuildFile; fileRef = 3A034B3E207FD63500B4C4FD /* FirebaseAnalytics.framework */; };
		3A034B48207FD63600B4C4FD /* FirebaseNanoPB.framework in Frameworks */ = {isa = PBXBuildFile; fileRef = 3A034B3F207FD63500B4C4FD /* FirebaseNanoPB.framework */; };
		3A034B49207FD63600B4C4FD /* Protobuf.framework in Frameworks */ = {isa = PBXBuildFile; fileRef = 3A034B40207FD63500B4C4FD /* Protobuf.framework */; };
		3A034B4A207FD63600B4C4FD /* FirebaseCore.framework in Frameworks */ = {isa = PBXBuildFile; fileRef = 3A034B41207FD63500B4C4FD /* FirebaseCore.framework */; };
		3A034B4B207FD63600B4C4FD /* FirebaseCoreDiagnostics.framework in Frameworks */ = {isa = PBXBuildFile; fileRef = 3A034B42207FD63500B4C4FD /* FirebaseCoreDiagnostics.framework */; };
		3A034B4C207FD63600B4C4FD /* FirebaseInstanceID.framework in Frameworks */ = {isa = PBXBuildFile; fileRef = 3A034B43207FD63500B4C4FD /* FirebaseInstanceID.framework */; };
		3A034B4F207FDADF00B4C4FD /* GoogleService-Info.plist in Resources */ = {isa = PBXBuildFile; fileRef = 3A034B4E207FDADF00B4C4FD /* GoogleService-Info.plist */; };
/* End PBXBuildFile section */

/* Begin PBXFileReference section */
		3A034B25207FD28D00B4C4FD /* FirebaseTest.app */ = {isa = PBXFileReference; explicitFileType = wrapper.application; includeInIndex = 0; path = FirebaseTest.app; sourceTree = BUILT_PRODUCTS_DIR; };
		3A034B28207FD28D00B4C4FD /* AppDelegate.swift */ = {isa = PBXFileReference; lastKnownFileType = sourcecode.swift; path = AppDelegate.swift; sourceTree = "<group>"; };
		3A034B2A207FD28D00B4C4FD /* ViewController.swift */ = {isa = PBXFileReference; lastKnownFileType = sourcecode.swift; path = ViewController.swift; sourceTree = "<group>"; };
		3A034B2D207FD28D00B4C4FD /* Base */ = {isa = PBXFileReference; lastKnownFileType = file.storyboard; name = Base; path = Base.lproj/Main.storyboard; sourceTree = "<group>"; };
		3A034B2F207FD28F00B4C4FD /* Assets.xcassets */ = {isa = PBXFileReference; lastKnownFileType = folder.assetcatalog; path = Assets.xcassets; sourceTree = "<group>"; };
		3A034B32207FD28F00B4C4FD /* Base */ = {isa = PBXFileReference; lastKnownFileType = file.storyboard; name = Base; path = Base.lproj/LaunchScreen.storyboard; sourceTree = "<group>"; };
		3A034B34207FD28F00B4C4FD /* Info.plist */ = {isa = PBXFileReference; lastKnownFileType = text.plist.xml; path = Info.plist; sourceTree = "<group>"; };
		3A034B3B207FD63500B4C4FD /* nanopb.framework */ = {isa = PBXFileReference; lastKnownFileType = wrapper.framework; name = nanopb.framework; path = Carthage/Build/iOS/nanopb.framework; sourceTree = "<group>"; };
		3A034B3C207FD63500B4C4FD /* GoogleToolboxForMac.framework */ = {isa = PBXFileReference; lastKnownFileType = wrapper.framework; name = GoogleToolboxForMac.framework; path = Carthage/Build/iOS/GoogleToolboxForMac.framework; sourceTree = "<group>"; };
		3A034B3D207FD63500B4C4FD /* FirebaseMessaging.framework */ = {isa = PBXFileReference; lastKnownFileType = wrapper.framework; name = FirebaseMessaging.framework; path = Carthage/Build/iOS/FirebaseMessaging.framework; sourceTree = "<group>"; };
		3A034B3E207FD63500B4C4FD /* FirebaseAnalytics.framework */ = {isa = PBXFileReference; lastKnownFileType = wrapper.framework; name = FirebaseAnalytics.framework; path = Carthage/Build/iOS/FirebaseAnalytics.framework; sourceTree = "<group>"; };
		3A034B3F207FD63500B4C4FD /* FirebaseNanoPB.framework */ = {isa = PBXFileReference; lastKnownFileType = wrapper.framework; name = FirebaseNanoPB.framework; path = Carthage/Build/iOS/FirebaseNanoPB.framework; sourceTree = "<group>"; };
		3A034B40207FD63500B4C4FD /* Protobuf.framework */ = {isa = PBXFileReference; lastKnownFileType = wrapper.framework; name = Protobuf.framework; path = Carthage/Build/iOS/Protobuf.framework; sourceTree = "<group>"; };
		3A034B41207FD63500B4C4FD /* FirebaseCore.framework */ = {isa = PBXFileReference; lastKnownFileType = wrapper.framework; name = FirebaseCore.framework; path = Carthage/Build/iOS/FirebaseCore.framework; sourceTree = "<group>"; };
		3A034B42207FD63500B4C4FD /* FirebaseCoreDiagnostics.framework */ = {isa = PBXFileReference; lastKnownFileType = wrapper.framework; name = FirebaseCoreDiagnostics.framework; path = Carthage/Build/iOS/FirebaseCoreDiagnostics.framework; sourceTree = "<group>"; };
		3A034B43207FD63500B4C4FD /* FirebaseInstanceID.framework */ = {isa = PBXFileReference; lastKnownFileType = wrapper.framework; name = FirebaseInstanceID.framework; path = Carthage/Build/iOS/FirebaseInstanceID.framework; sourceTree = "<group>"; };
		3A034B4E207FDADF00B4C4FD /* GoogleService-Info.plist */ = {isa = PBXFileReference; fileEncoding = 4; lastKnownFileType = text.plist.xml; path = "GoogleService-Info.plist"; sourceTree = "<group>"; };
/* End PBXFileReference section */

/* Begin PBXFrameworksBuildPhase section */
		3A034B22207FD28D00B4C4FD /* Frameworks */ = {
			isa = PBXFrameworksBuildPhase;
			buildActionMask = 2147483647;
			files = (
				3A034B44207FD63500B4C4FD /* nanopb.framework in Frameworks */,
				3A034B45207FD63500B4C4FD /* GoogleToolboxForMac.framework in Frameworks */,
				3A034B46207FD63600B4C4FD /* FirebaseMessaging.framework in Frameworks */,
				3A034B47207FD63600B4C4FD /* FirebaseAnalytics.framework in Frameworks */,
				3A034B48207FD63600B4C4FD /* FirebaseNanoPB.framework in Frameworks */,
				3A034B49207FD63600B4C4FD /* Protobuf.framework in Frameworks */,
				3A034B4A207FD63600B4C4FD /* FirebaseCore.framework in Frameworks */,
				3A034B4B207FD63600B4C4FD /* FirebaseCoreDiagnostics.framework in Frameworks */,
				3A034B4C207FD63600B4C4FD /* FirebaseInstanceID.framework in Frameworks */,
			);
			runOnlyForDeploymentPostprocessing = 0;
		};
/* End PBXFrameworksBuildPhase section */

/* Begin PBXGroup section */
		3A034B1C207FD28D00B4C4FD = {
			isa = PBXGroup;
			children = (
				3A034B27207FD28D00B4C4FD /* FirebaseTest */,
				3A034B26207FD28D00B4C4FD /* Products */,
				3A034B3A207FD63500B4C4FD /* Frameworks */,
			);
			sourceTree = "<group>";
		};
		3A034B26207FD28D00B4C4FD /* Products */ = {
			isa = PBXGroup;
			children = (
				3A034B25207FD28D00B4C4FD /* FirebaseTest.app */,
			);
			name = Products;
			sourceTree = "<group>";
		};
		3A034B27207FD28D00B4C4FD /* FirebaseTest */ = {
			isa = PBXGroup;
			children = (
				3A034B28207FD28D00B4C4FD /* AppDelegate.swift */,
				3A034B2F207FD28F00B4C4FD /* Assets.xcassets */,
				3A034B4E207FDADF00B4C4FD /* GoogleService-Info.plist */,
				3A034B34207FD28F00B4C4FD /* Info.plist */,
				3A034B31207FD28F00B4C4FD /* LaunchScreen.storyboard */,
				3A034B2C207FD28D00B4C4FD /* Main.storyboard */,
				3A034B2A207FD28D00B4C4FD /* ViewController.swift */,
			);
			path = FirebaseTest;
			sourceTree = "<group>";
		};
		3A034B3A207FD63500B4C4FD /* Frameworks */ = {
			isa = PBXGroup;
			children = (
				3A034B3E207FD63500B4C4FD /* FirebaseAnalytics.framework */,
				3A034B41207FD63500B4C4FD /* FirebaseCore.framework */,
				3A034B42207FD63500B4C4FD /* FirebaseCoreDiagnostics.framework */,
				3A034B43207FD63500B4C4FD /* FirebaseInstanceID.framework */,
				3A034B3D207FD63500B4C4FD /* FirebaseMessaging.framework */,
				3A034B3F207FD63500B4C4FD /* FirebaseNanoPB.framework */,
				3A034B3C207FD63500B4C4FD /* GoogleToolboxForMac.framework */,
				3A034B3B207FD63500B4C4FD /* nanopb.framework */,
				3A034B40207FD63500B4C4FD /* Protobuf.framework */,
			);
			name = Frameworks;
			sourceTree = "<group>";
		};
/* End PBXGroup section */

/* Begin PBXNativeTarget section */
		3A034B24207FD28D00B4C4FD /* FirebaseTest */ = {
			isa = PBXNativeTarget;
			buildConfigurationList = 3A034B37207FD28F00B4C4FD /* Build configuration list for PBXNativeTarget "FirebaseTest" */;
			buildPhases = (
				3A034B21207FD28D00B4C4FD /* Sources */,
				3A034B22207FD28D00B4C4FD /* Frameworks */,
				3A034B23207FD28D00B4C4FD /* Resources */,
				3A034B4D207FD64D00B4C4FD /* ShellScript */,
			);
			buildRules = (
			);
			dependencies = (
			);
			name = FirebaseTest;
			productName = FirebaseTest;
			productReference = 3A034B25207FD28D00B4C4FD /* FirebaseTest.app */;
			productType = "com.apple.product-type.application";
		};
/* End PBXNativeTarget section */

/* Begin PBXProject section */
		3A034B1D207FD28D00B4C4FD /* Project object */ = {
			isa = PBXProject;
			attributes = {
				LastSwiftUpdateCheck = 0930;
				LastUpgradeCheck = 0930;
				ORGANIZATIONNAME = "Paulo Coutinho";
				TargetAttributes = {
					3A034B24207FD28D00B4C4FD = {
						CreatedOnToolsVersion = 9.3;
					};
				};
			};
			buildConfigurationList = 3A034B20207FD28D00B4C4FD /* Build configuration list for PBXProject "FirebaseTest" */;
			compatibilityVersion = "Xcode 9.3";
			developmentRegion = en;
			hasScannedForEncodings = 0;
			knownRegions = (
				en,
				Base,
			);
			mainGroup = 3A034B1C207FD28D00B4C4FD;
			productRefGroup = 3A034B26207FD28D00B4C4FD /* Products */;
			projectDirPath = "";
			projectRoot = "";
			targets = (
				3A034B24207FD28D00B4C4FD /* FirebaseTest */,
			);
		};
/* End PBXProject section */

/* Begin PBXResourcesBuildPhase section */
		3A034B23207FD28D00B4C4FD /* Resources */ = {
			isa = PBXResourcesBuildPhase;
			buildActionMask = 2147483647;
			files = (
				3A034B33207FD28F00B4C4FD /* LaunchScreen.storyboard in Resources */,
				3A034B4F207FDADF00B4C4FD /* GoogleService-Info.plist in Resources */,
				3A034B30207FD28F00B4C4FD /* Assets.xcassets in Resources */,
				3A034B2E207FD28D00B4C4FD /* Main.storyboard in Resources */,
			);
			runOnlyForDeploymentPostprocessing = 0;
		};
/* End PBXResourcesBuildPhase section */

/* Begin PBXShellScriptBuildPhase section */
		3A034B4D207FD64D00B4C4FD /* ShellScript */ = {
			isa = PBXShellScriptBuildPhase;
			buildActionMask = 2147483647;
			files = (
			);
			inputPaths = (
				"$(SRCROOT)/Carthage/Build/iOS/FirebaseInstanceID.framework",
				"$(SRCROOT)/Carthage/Build/iOS/FirebaseNanoPB.framework",
				"$(SRCROOT)/Carthage/Build/iOS/nanopb.framework",
				"$(SRCROOT)/Carthage/Build/iOS/FirebaseCore.framework",
				"$(SRCROOT)/Carthage/Build/iOS/FirebaseAnalytics.framework",
				"$(SRCROOT)/Carthage/Build/iOS/Protobuf.framework",
				"$(SRCROOT)/Carthage/Build/iOS/GoogleToolboxForMac.framework",
				"$(SRCROOT)/Carthage/Build/iOS/FirebaseMessaging.framework",
				"$(SRCROOT)/Carthage/Build/iOS/FirebaseCoreDiagnostics.framework",
			);
			outputPaths = (
			);
			runOnlyForDeploymentPostprocessing = 0;
			shellPath = /bin/sh;
			shellScript = "/usr/local/bin/carthage copy-frameworks";
		};
/* End PBXShellScriptBuildPhase section */

/* Begin PBXSourcesBuildPhase section */
		3A034B21207FD28D00B4C4FD /* Sources */ = {
			isa = PBXSourcesBuildPhase;
			buildActionMask = 2147483647;
			files = (
				3A034B2B207FD28D00B4C4FD /* ViewController.swift in Sources */,
				3A034B29207FD28D00B4C4FD /* AppDelegate.swift in Sources */,
			);
			runOnlyForDeploymentPostprocessing = 0;
		};
/* End PBXSourcesBuildPhase section */

/* Begin PBXVariantGroup section */
		3A034B2C207FD28D00B4C4FD /* Main.storyboard */ = {
			isa = PBXVariantGroup;
			children = (
				3A034B2D207FD28D00B4C4FD /* Base */,
			);
			name = Main.storyboard;
			sourceTree = "<group>";
		};
		3A034B31207FD28F00B4C4FD /* LaunchScreen.storyboard */ = {
			isa = PBXVariantGroup;
			children = (
				3A034B32207FD28F00B4C4FD /* Base */,
			);
			name = LaunchScreen.storyboard;
			sourceTree = "<group>";
		};
/* End PBXVariantGroup section */

/* Begin XCBuildConfiguration section */
		3A034B35207FD28F00B4C4FD /* Debug */ = {
			isa = XCBuildConfiguration;
			buildSettings = {
				ALWAYS_SEARCH_USER_PATHS = NO;
				CLANG_ANALYZER_NONNULL = YES;
				CLANG_ANALYZER_NUMBER_OBJECT_CONVERSION = YES_AGGRESSIVE;
				CLANG_CXX_LANGUAGE_STANDARD = "gnu++14";
				CLANG_CXX_LIBRARY = "libc++";
				CLANG_ENABLE_MODULES = YES;
				CLANG_ENABLE_OBJC_ARC = YES;
				CLANG_ENABLE_OBJC_WEAK = YES;
				CLANG_WARN_BLOCK_CAPTURE_AUTORELEASING = YES;
				CLANG_WARN_BOOL_CONVERSION = YES;
				CLANG_WARN_COMMA = YES;
				CLANG_WARN_CONSTANT_CONVERSION = YES;
				CLANG_WARN_DEPRECATED_OBJC_IMPLEMENTATIONS = YES;
				CLANG_WARN_DIRECT_OBJC_ISA_USAGE = YES_ERROR;
				CLANG_WARN_DOCUMENTATION_COMMENTS = YES;
				CLANG_WARN_EMPTY_BODY = YES;
				CLANG_WARN_ENUM_CONVERSION = YES;
				CLANG_WARN_INFINITE_RECURSION = YES;
				CLANG_WARN_INT_CONVERSION = YES;
				CLANG_WARN_NON_LITERAL_NULL_CONVERSION = YES;
				CLANG_WARN_OBJC_IMPLICIT_RETAIN_SELF = YES;
				CLANG_WARN_OBJC_LITERAL_CONVERSION = YES;
				CLANG_WARN_OBJC_ROOT_CLASS = YES_ERROR;
				CLANG_WARN_RANGE_LOOP_ANALYSIS = YES;
				CLANG_WARN_STRICT_PROTOTYPES = YES;
				CLANG_WARN_SUSPICIOUS_MOVE = YES;
				CLANG_WARN_UNGUARDED_AVAILABILITY = YES_AGGRESSIVE;
				CLANG_WARN_UNREACHABLE_CODE = YES;
				CLANG_WARN__DUPLICATE_METHOD_MATCH = YES;
				CODE_SIGN_IDENTITY = "iPhone Developer";
				COPY_PHASE_STRIP = NO;
				DEBUG_INFORMATION_FORMAT = dwarf;
				ENABLE_STRICT_OBJC_MSGSEND = YES;
				ENABLE_TESTABILITY = YES;
				GCC_C_LANGUAGE_STANDARD = gnu11;
				GCC_DYNAMIC_NO_PIC = NO;
				GCC_NO_COMMON_BLOCKS = YES;
				GCC_OPTIMIZATION_LEVEL = 0;
				GCC_PREPROCESSOR_DEFINITIONS = (
					"DEBUG=1",
					"$(inherited)",
				);
				GCC_WARN_64_TO_32_BIT_CONVERSION = YES;
				GCC_WARN_ABOUT_RETURN_TYPE = YES_ERROR;
				GCC_WARN_UNDECLARED_SELECTOR = YES;
				GCC_WARN_UNINITIALIZED_AUTOS = YES_AGGRESSIVE;
				GCC_WARN_UNUSED_FUNCTION = YES;
				GCC_WARN_UNUSED_VARIABLE = YES;
				IPHONEOS_DEPLOYMENT_TARGET = 9.0;
				MTL_ENABLE_DEBUG_INFO = YES;
				ONLY_ACTIVE_ARCH = YES;
				SDKROOT = iphoneos;
				SWIFT_ACTIVE_COMPILATION_CONDITIONS = DEBUG;
				SWIFT_OPTIMIZATION_LEVEL = "-Onone";
			};
			name = Debug;
		};
		3A034B36207FD28F00B4C4FD /* Release */ = {
			isa = XCBuildConfiguration;
			buildSettings = {
				ALWAYS_SEARCH_USER_PATHS = NO;
				CLANG_ANALYZER_NONNULL = YES;
				CLANG_ANALYZER_NUMBER_OBJECT_CONVERSION = YES_AGGRESSIVE;
				CLANG_CXX_LANGUAGE_STANDARD = "gnu++14";
				CLANG_CXX_LIBRARY = "libc++";
				CLANG_ENABLE_MODULES = YES;
				CLANG_ENABLE_OBJC_ARC = YES;
				CLANG_ENABLE_OBJC_WEAK = YES;
				CLANG_WARN_BLOCK_CAPTURE_AUTORELEASING = YES;
				CLANG_WARN_BOOL_CONVERSION = YES;
				CLANG_WARN_COMMA = YES;
				CLANG_WARN_CONSTANT_CONVERSION = YES;
				CLANG_WARN_DEPRECATED_OBJC_IMPLEMENTATIONS = YES;
				CLANG_WARN_DIRECT_OBJC_ISA_USAGE = YES_ERROR;
				CLANG_WARN_DOCUMENTATION_COMMENTS = YES;
				CLANG_WARN_EMPTY_BODY = YES;
				CLANG_WARN_ENUM_CONVERSION = YES;
				CLANG_WARN_INFINITE_RECURSION = YES;
				CLANG_WARN_INT_CONVERSION = YES;
				CLANG_WARN_NON_LITERAL_NULL_CONVERSION = YES;
				CLANG_WARN_OBJC_IMPLICIT_RETAIN_SELF = YES;
				CLANG_WARN_OBJC_LITERAL_CONVERSION = YES;
				CLANG_WARN_OBJC_ROOT_CLASS = YES_ERROR;
				CLANG_WARN_RANGE_LOOP_ANALYSIS = YES;
				CLANG_WARN_STRICT_PROTOTYPES = YES;
				CLANG_WARN_SUSPICIOUS_MOVE = YES;
				CLANG_WARN_UNGUARDED_AVAILABILITY = YES_AGGRESSIVE;
				CLANG_WARN_UNREACHABLE_CODE = YES;
				CLANG_WARN__DUPLICATE_METHOD_MATCH = YES;
				CODE_SIGN_IDENTITY = "iPhone Developer";
				COPY_PHASE_STRIP = NO;
				DEBUG_INFORMATION_FORMAT = "dwarf-with-dsym";
				ENABLE_NS_ASSERTIONS = NO;
				ENABLE_STRICT_OBJC_MSGSEND = YES;
				GCC_C_LANGUAGE_STANDARD = gnu11;
				GCC_NO_COMMON_BLOCKS = YES;
				GCC_WARN_64_TO_32_BIT_CONVERSION = YES;
				GCC_WARN_ABOUT_RETURN_TYPE = YES_ERROR;
				GCC_WARN_UNDECLARED_SELECTOR = YES;
				GCC_WARN_UNINITIALIZED_AUTOS = YES_AGGRESSIVE;
				GCC_WARN_UNUSED_FUNCTION = YES;
				GCC_WARN_UNUSED_VARIABLE = YES;
				IPHONEOS_DEPLOYMENT_TARGET = 9.0;
				MTL_ENABLE_DEBUG_INFO = NO;
				SDKROOT = iphoneos;
				SWIFT_COMPILATION_MODE = wholemodule;
				SWIFT_OPTIMIZATION_LEVEL = "-O";
				VALIDATE_PRODUCT = YES;
			};
			name = Release;
		};
		3A034B38207FD28F00B4C4FD /* Debug */ = {
			isa = XCBuildConfiguration;
			buildSettings = {
				ASSETCATALOG_COMPILER_APPICON_NAME = AppIcon;
				CODE_SIGN_IDENTITY = "iPhone Developer";
				CODE_SIGN_STYLE = Automatic;
				DEVELOPMENT_TEAM = 99AHAA343Q;
				FRAMEWORK_SEARCH_PATHS = (
					"$(inherited)",
					"$(PROJECT_DIR)/Carthage/Build/iOS",
				);
				INFOPLIST_FILE = FirebaseTest/Info.plist;
				LD_RUNPATH_SEARCH_PATHS = (
					"$(inherited)",
					"@executable_path/Frameworks",
				);
				PRODUCT_BUNDLE_IDENTIFIER = com.prsolucoes.firebase;
				PRODUCT_NAME = "$(TARGET_NAME)";
				PROVISIONING_PROFILE_SPECIFIER = "";
				SWIFT_VERSION = 4.0;
				TARGETED_DEVICE_FAMILY = "1,2";
			};
			name = Debug;
		};
		3A034B39207FD28F00B4C4FD /* Release */ = {
			isa = XCBuildConfiguration;
			buildSettings = {
				ASSETCATALOG_COMPILER_APPICON_NAME = AppIcon;
				CODE_SIGN_IDENTITY = "iPhone Developer";
				CODE_SIGN_STYLE = Automatic;
				DEVELOPMENT_TEAM = 99AHAA343Q;
				FRAMEWORK_SEARCH_PATHS = (
					"$(inherited)",
					"$(PROJECT_DIR)/Carthage/Build/iOS",
				);
				INFOPLIST_FILE = FirebaseTest/Info.plist;
				LD_RUNPATH_SEARCH_PATHS = (
					"$(inherited)",
					"@executable_path/Frameworks",
				);
				PRODUCT_BUNDLE_IDENTIFIER = com.prsolucoes.firebase;
				PRODUCT_NAME = "$(TARGET_NAME)";
				PROVISIONING_PROFILE_SPECIFIER = "";
				SWIFT_VERSION = 4.0;
				TARGETED_DEVICE_FAMILY = "1,2";
			};
			name = Release;
		};
/* End XCBuildConfiguration section */

/* Begin XCConfigurationList section */
		3A034B20207FD28D00B4C4FD /* Build configuration list for PBXProject "FirebaseTest" */ = {
			isa = XCConfigurationList;
			buildConfigurations = (
				3A034B35207FD28F00B4C4FD /* Debug */,
				3A034B36207FD28F00B4C4FD /* Release */,
			);
			defaultConfigurationIsVisible = 0;
			defaultConfigurationName = Release;
		};
		3A034B37207FD28F00B4C4FD /* Build configuration list for PBXNativeTarget "FirebaseTest" */ = {
			isa = XCConfigurationList;
			buildConfigurations = (
				3A034B38207FD28F00B4C4FD /* Debug */,
				3A034B39207FD28F00B4C4FD /* Release */,
			);
			defaultConfigurationIsVisible = 0;
			defaultConfigurationName = Release;
		};
/* End XCConfigurationList section */
	};
	rootObject = 3A034B1D207FD28D00B4C4FD /* Project object */;
}
